github.com/go-sql-driver/mysql v1.6.0 h1:BCTh4TKNUYmOmMUcQ3IipzF5prigylS7XXjEkfCHuOE=
github.com/go-sql-driver/mysql v1.6.0/go.mod h1:DCzpHaOWr8IXmIStZouvnhqoel9Qv2LBy8hT2VhHyBg=
github.com/google/uuid v1.5.0 h1:1p67kYwdtXjb0gL0BPiP1Av9wiZPo5A8z2cWkTZ+eyU=
github.com/google/uuid v1.5.0/go.mod h1:TIyPZe4MgqvfeYDBFedMoGGpEw/LqOeaOT+nhxU+yHo=
github.com/hexcraft-biz/her v0.0.6 h1:CZSWPRFHzGROANOQFCbHGqxKBrnKTDpJ7oJPSj7KyNg=
github.com/hexcraft-biz/her v0.0.6/go.mod h1:ETdrgTyG2XoSncKpGmXSeqpTQR8ALX8S+wFZ44WgSZI=
github.com/hexcraft-biz/xscope v0.0.6 h1:OhLzQE0R9rDB1doJeX+ktDwmT65UhcDGv2lxxxvRDjo=
github.com/hexcraft-biz/xscope v0.0.6/go.mod h1:8UNCaci4Pa21UCnTkD0hBW9rQN83eLCqyGzkb5Cl3Ho=
github.com/hexcraft-biz/xtime v0.0.3 h1:hq6u++YQVl8G9W8aMAFVsfTERayvKSV4KrZSOH8TL2o=
github.com/hexcraft-biz/xtime v0.0.3/go.mod h1:sfoKKcRT7bgGBkKBMK3guIXkjwzXg52xmhswNa8mak8=
github.com/hexcraft-biz/xuuid v0.0.2 h1:91STeyBDvz/Df7cTQpeTS0yc4x7LxqjsBTkazICPot4=
github.com/hexcraft-biz/xuuid v0.0.2/go.mod h1:s48h62DSE8XY14OfDdD+U03B2UYDXHF+tkMxcLQhpvI=
github.com/jmoiron/sqlx v1.3.5 h1:vFFPA71p1o5gAeqtEAwLU4dnX2napprKtHr7PYIcN3g=
github.com/jmoiron/sqlx v1.3.5/go.mod h1:nRVWtLre0KfCLJvgxzCsLVMogSvQ1zNJtpYr2Ccp0mQ=
github.com/lib/pq v1.2.0 h1:LXpIM/LZ5xGFhOpXAQUIMM1HdyqzVYM13zNdjCEEcA0=
github.com/lib/pq v1.2.0/go.mod h1:5WUZQaWbwv1U+lTReE5YruASi9Al49XbQIvNi/34Woo=
github.com/mattn/go-sqlite3 v1.14.6 h1:dNPt6NO46WmLVt2DLNpwczCmdV5boIZ6g/tlDrlRUbg=
github.com/mattn/go-sqlite3 v1.14.6/go.mod h1:NyWgC/yNuGj7Q9rpYnZvas74GogHl5/Z4A/KQRfk6bU=
